
Microsoft Visual Studio Solution File, Format Version 12.00
# Visual Studio Version 17
VisualStudioVersion = 17.1.32228.430
MinimumVisualStudioVersion = 10.0.40219.1
Project("{FAE04EC0-301F-11D3-BF4B-00C04F79EFBC}") = "OglasnikApp", "OglasnikApp.csproj", "{B35950CD-946C-444B-BB41-7B2C500F33DA}"
EndProject
Global
	GlobalSection(SolutionConfigurationPlatforms) = preSolution
		Debug|Any CPU = Debug|Any CPU
		Release|Any CPU = Release|Any CPU
	EndGlobalSection
	GlobalSection(ProjectConfigurationPlatforms) = postSolution
		{B35950CD-946C-444B-BB41-7B2C500F33DA}.Debug|Any CPU.ActiveCfg = Debug|Any CPU
		{B35950CD-946C-444B-BB41-7B2C500F33DA}.Debug|Any CPU.Build.0 = Debug|Any CPU
		{B35950CD-946C-444B-BB41-7B2C500F33DA}.Release|Any CPU.ActiveCfg = Release|Any CPU
		{B35950CD-946C-444B-BB41-7B2C500F33DA}.Release|Any CPU.Build.0 = Release|Any CPU
	EndGlobalSection
	GlobalSection(SolutionProperties) = preSolution
		HideSolutionNode = FALSE
	EndGlobalSection
	GlobalSection(ExtensibilityGlobals) = postSolution
		SolutionGuid = {A6FBA809-5C65-4CFF-840D-E08607900F41}
	EndGlobalSection
EndGlobal
